// !$*UTF8*$!
{
	archiveVersion = 1;
	classes = {
	};
	objectVersion = 56;
	objects = {

/* Begin PBXBuildFile section */
		902942A62A18D93300488705 /* K.swift in Sources */ = {isa = PBXBuildFile; fileRef = 902942A52A18D93300488705 /* K.swift */; };
		90F5E9552A18C4040062CC8B /* GoDooApp.swift in Sources */ = {isa = PBXBuildFile; fileRef = 90F5E9542A18C4040062CC8B /* GoDooApp.swift */; };
		90F5E97F2A18C4470062CC8B /* Place.swift in Sources */ = {isa = PBXBuildFile; fileRef = 90F5E9702A18C4470062CC8B /* Place.swift */; };
		90F5E9802A18C4470062CC8B /* PlacesManager.swift in Sources */ = {isa = PBXBuildFile; fileRef = 90F5E9712A18C4470062CC8B /* PlacesManager.swift */; };
		90F5E9812A18C4470062CC8B /* Keyword.swift in Sources */ = {isa = PBXBuildFile; fileRef = 90F5E9722A18C4470062CC8B /* Keyword.swift */; };
		90F5E9822A18C4470062CC8B /* PlacesData.swift in Sources */ = {isa = PBXBuildFile; fileRef = 90F5E9732A18C4470062CC8B /* PlacesData.swift */; };
		90F5E9832A18C4470062CC8B /* LocationManager.swift in Sources */ = {isa = PBXBuildFile; fileRef = 90F5E9742A18C4470062CC8B /* LocationManager.swift */; };
		90F5E9902A18C9F80062CC8B /* KeywordListView.swift in Sources */ = {isa = PBXBuildFile; fileRef = 90F5E98A2A18C9F80062CC8B /* KeywordListView.swift */; };
		90F5E9912A18C9F80062CC8B /* LoadingView.swift in Sources */ = {isa = PBXBuildFile; fileRef = 90F5E98B2A18C9F80062CC8B /* LoadingView.swift */; };
		90F5E9922A18C9F80062CC8B /* ContentView.swift in Sources */ = {isa = PBXBuildFile; fileRef = 90F5E98C2A18C9F80062CC8B /* ContentView.swift */; };
		90F5E9932A18C9F80062CC8B /* PlacesListView.swift in Sources */ = {isa = PBXBuildFile; fileRef = 90F5E98D2A18C9F80062CC8B /* PlacesListView.swift */; };
		90F5E9942A18C9F80062CC8B /* PlaceView.swift in Sources */ = {isa = PBXBuildFile; fileRef = 90F5E98E2A18C9F80062CC8B /* PlaceView.swift */; };
		90F5E9972A18CBB70062CC8B /* Assets.xcassets in Resources */ = {isa = PBXBuildFile; fileRef = 90F5E9962A18CBB70062CC8B /* Assets.xcassets */; };
/* End PBXBuildFile section */

/* Begin PBXFileReference section */
		902942A52A18D93300488705 /* K.swift */ = {isa = PBXFileReference; fileEncoding = 4; lastKnownFileType = sourcecode.swift; name = K.swift; path = GoDoo/K.swift; sourceTree = SOURCE_ROOT; };
		90F5E9512A18C4040062CC8B /* GoDoo.app */ = {isa = PBXFileReference; explicitFileType = wrapper.application; includeInIndex = 0; path = GoDoo.app; sourceTree = BUILT_PRODUCTS_DIR; };
		90F5E9542A18C4040062CC8B /* GoDooApp.swift */ = {isa = PBXFileReference; lastKnownFileType = sourcecode.swift; path = GoDooApp.swift; sourceTree = "<group>"; };
		90F5E9702A18C4470062CC8B /* Place.swift */ = {isa = PBXFileReference; fileEncoding = 4; lastKnownFileType = sourcecode.swift; path = Place.swift; sourceTree = "<group>"; };
		90F5E9712A18C4470062CC8B /* PlacesManager.swift */ = {isa = PBXFileReference; fileEncoding = 4; lastKnownFileType = sourcecode.swift; path = PlacesManager.swift; sourceTree = "<group>"; };
		90F5E9722A18C4470062CC8B /* Keyword.swift */ = {isa = PBXFileReference; fileEncoding = 4; lastKnownFileType = sourcecode.swift; path = Keyword.swift; sourceTree = "<group>"; };
		90F5E9732A18C4470062CC8B /* PlacesData.swift */ = {isa = PBXFileReference; fileEncoding = 4; lastKnownFileType = sourcecode.swift; path = PlacesData.swift; sourceTree = "<group>"; };
		90F5E9742A18C4470062CC8B /* LocationManager.swift */ = {isa = PBXFileReference; fileEncoding = 4; lastKnownFileType = sourcecode.swift; path = LocationManager.swift; sourceTree = "<group>"; };
		90F5E98A2A18C9F80062CC8B /* KeywordListView.swift */ = {isa = PBXFileReference; fileEncoding = 4; lastKnownFileType = sourcecode.swift; path = KeywordListView.swift; sourceTree = "<group>"; };
		90F5E98B2A18C9F80062CC8B /* LoadingView.swift */ = {isa = PBXFileReference; fileEncoding = 4; lastKnownFileType = sourcecode.swift; path = LoadingView.swift; sourceTree = "<group>"; };
		90F5E98C2A18C9F80062CC8B /* ContentView.swift */ = {isa = PBXFileReference; fileEncoding = 4; lastKnownFileType = sourcecode.swift; path = ContentView.swift; sourceTree = "<group>"; };
		90F5E98D2A18C9F80062CC8B /* PlacesListView.swift */ = {isa = PBXFileReference; fileEncoding = 4; lastKnownFileType = sourcecode.swift; path = PlacesListView.swift; sourceTree = "<group>"; };
		90F5E98E2A18C9F80062CC8B /* PlaceView.swift */ = {isa = PBXFileReference; fileEncoding = 4; lastKnownFileType = sourcecode.swift; path = PlaceView.swift; sourceTree = "<group>"; };
		90F5E9962A18CBB70062CC8B /* Assets.xcassets */ = {isa = PBXFileReference; lastKnownFileType = folder.assetcatalog; path = Assets.xcassets; sourceTree = "<group>"; };
/* End PBXFileReference section */

/* Begin PBXFrameworksBuildPhase section */
		90F5E94E2A18C4040062CC8B /* Frameworks */ = {
			isa = PBXFrameworksBuildPhase;
			buildActionMask = 2147483647;
			files = (
			);
			runOnlyForDeploymentPostprocessing = 0;
		};
/* End PBXFrameworksBuildPhase section */

/* Begin PBXGroup section */
		90F5E9482A18C4040062CC8B = {
			isa = PBXGroup;
			children = (
				90F5E9532A18C4040062CC8B /* GoDoo */,
				90F5E9522A18C4040062CC8B /* Products */,
			);
			sourceTree = "<group>";
		};
		90F5E9522A18C4040062CC8B /* Products */ = {
			isa = PBXGroup;
			children = (
				90F5E9512A18C4040062CC8B /* GoDoo.app */,
			);
			name = Products;
			sourceTree = "<group>";
		};
		90F5E9532A18C4040062CC8B /* GoDoo */ = {
			isa = PBXGroup;
			children = (
				90F5E9892A18C9C50062CC8B /* View */,
				90F5E96D2A18C4470062CC8B /* Models */,
				90F5E9542A18C4040062CC8B /* GoDooApp.swift */,
				90F5E9962A18CBB70062CC8B /* Assets.xcassets */,
			);
			path = GoDoo;
			sourceTree = "<group>";
		};
		90F5E96D2A18C4470062CC8B /* Models */ = {
			isa = PBXGroup;
			children = (
				902942A52A18D93300488705 /* K.swift */,
				90F5E96F2A18C4470062CC8B /* Places */,
				90F5E9742A18C4470062CC8B /* LocationManager.swift */,
			);
			path = Models;
			sourceTree = "<group>";
		};
		90F5E96F2A18C4470062CC8B /* Places */ = {
			isa = PBXGroup;
			children = (
				90F5E9702A18C4470062CC8B /* Place.swift */,
				90F5E9712A18C4470062CC8B /* PlacesManager.swift */,
				90F5E9722A18C4470062CC8B /* Keyword.swift */,
				90F5E9732A18C4470062CC8B /* PlacesData.swift */,
			);
			path = Places;
			sourceTree = "<group>";
		};
		90F5E9892A18C9C50062CC8B /* View */ = {
			isa = PBXGroup;
			children = (
				90F5E98C2A18C9F80062CC8B /* ContentView.swift */,
				90F5E98A2A18C9F80062CC8B /* KeywordListView.swift */,
				90F5E98B2A18C9F80062CC8B /* LoadingView.swift */,
				90F5E98D2A18C9F80062CC8B /* PlacesListView.swift */,
				90F5E98E2A18C9F80062CC8B /* PlaceView.swift */,
			);
			path = View;
			sourceTree = "<group>";
		};
/* End PBXGroup section */

/* Begin PBXNativeTarget section */
		90F5E9502A18C4040062CC8B /* GoDoo */ = {
			isa = PBXNativeTarget;
			buildConfigurationList = 90F5E95F2A18C4050062CC8B /* Build configuration list for PBXNativeTarget "GoDoo" */;
			buildPhases = (
				90F5E94D2A18C4040062CC8B /* Sources */,
				90F5E94E2A18C4040062CC8B /* Frameworks */,
				90F5E94F2A18C4040062CC8B /* Resources */,
			);
			buildRules = (
			);
			dependencies = (
			);
			name = GoDoo;
			productName = GoDoo;
			productReference = 90F5E9512A18C4040062CC8B /* GoDoo.app */;
			productType = "com.apple.product-type.application";
		};
/* End PBXNativeTarget section */

/* Begin PBXProject section */
		90F5E9492A18C4040062CC8B /* Project object */ = {
			isa = PBXProject;
			attributes = {
				BuildIndependentTargetsInParallel = 1;
				LastSwiftUpdateCheck = 1430;
				LastUpgradeCheck = 1430;
				TargetAttributes = {
					90F5E9502A18C4040062CC8B = {
						CreatedOnToolsVersion = 14.3;
					};
				};
			};
			buildConfigurationList = 90F5E94C2A18C4040062CC8B /* Build configuration list for PBXProject "GoDoo" */;
			compatibilityVersion = "Xcode 14.0";
			developmentRegion = en;
			hasScannedForEncodings = 0;
			knownRegions = (
				en,
				Base,
			);
			mainGroup = 90F5E9482A18C4040062CC8B;
			productRefGroup = 90F5E9522A18C4040062CC8B /* Products */;
			projectDirPath = "";
			projectRoot = "";
			targets = (
				90F5E9502A18C4040062CC8B /* GoDoo */,
			);
		};
/* End PBXProject section */

/* Begin PBXResourcesBuildPhase section */
		90F5E94F2A18C4040062CC8B /* Resources */ = {
			isa = PBXResourcesBuildPhase;
			buildActionMask = 2147483647;
			files = (
				90F5E9972A18CBB70062CC8B /* Assets.xcassets in Resources */,
			);
			runOnlyForDeploymentPostprocessing = 0;
		};
/* End PBXResourcesBuildPhase section */

/* Begin PBXSourcesBuildPhase section */
		90F5E94D2A18C4040062CC8B /* Sources */ = {
			isa = PBXSourcesBuildPhase;
			buildActionMask = 2147483647;
			files = (
				90F5E9812A18C4470062CC8B /* Keyword.swift in Sources */,
				90F5E9832A18C4470062CC8B /* LocationManager.swift in Sources */,
				90F5E9802A18C4470062CC8B /* PlacesManager.swift in Sources */,
				90F5E9902A18C9F80062CC8B /* KeywordListView.swift in Sources */,
				902942A62A18D93300488705 /* K.swift in Sources */,
				90F5E9822A18C4470062CC8B /* PlacesData.swift in Sources */,
				90F5E9942A18C9F80062CC8B /* PlaceView.swift in Sources */,
				90F5E9932A18C9F80062CC8B /* PlacesListView.swift in Sources */,
				90F5E9922A18C9F80062CC8B /* ContentView.swift in Sources */,
				90F5E97F2A18C4470062CC8B /* Place.swift in Sources */,
				90F5E9552A18C4040062CC8B /* GoDooApp.swift in Sources */,
				90F5E9912A18C9F80062CC8B /* LoadingView.swift in Sources */,
			);
			runOnlyForDeploymentPostprocessing = 0;
		};
/* End PBXSourcesBuildPhase section */

/* Begin XCBuildConfiguration section */
		90F5E95D2A18C4050062CC8B /* Debug */ = {
			isa = XCBuildConfiguration;
			buildSettings = {
				ALWAYS_SEARCH_USER_PATHS = NO;
				CLANG_ANALYZER_NONNULL = YES;
				CLANG_ANALYZER_NUMBER_OBJECT_CONVERSION = YES_AGGRESSIVE;
				CLANG_CXX_LANGUAGE_STANDARD = "gnu++20";
				CLANG_ENABLE_MODULES = YES;
				CLANG_ENABLE_OBJC_ARC = YES;
				CLANG_ENABLE_OBJC_WEAK = YES;
				CLANG_WARN_BLOCK_CAPTURE_AUTORELEASING = YES;
				CLANG_WARN_BOOL_CONVERSION = YES;
				CLANG_WARN_COMMA = YES;
				CLANG_WARN_CONSTANT_CONVERSION = YES;
				CLANG_WARN_DEPRECATED_OBJC_IMPLEMENTATIONS = YES;
				CLANG_WARN_DIRECT_OBJC_ISA_USAGE = YES_ERROR;
				CLANG_WARN_DOCUMENTATION_COMMENTS = YES;
				CLANG_WARN_EMPTY_BODY = YES;
				CLANG_WARN_ENUM_CONVERSION = YES;
				CLANG_WARN_INFINITE_RECURSION = YES;
				CLANG_WARN_INT_CONVERSION = YES;
				CLANG_WARN_NON_LITERAL_NULL_CONVERSION = YES;
				CLANG_WARN_OBJC_IMPLICIT_RETAIN_SELF = YES;
				CLANG_WARN_OBJC_LITERAL_CONVERSION = YES;
				CLANG_WARN_OBJC_ROOT_CLASS = YES_ERROR;
				CLANG_WARN_QUOTED_INCLUDE_IN_FRAMEWORK_HEADER = YES;
				CLANG_WARN_RANGE_LOOP_ANALYSIS = YES;
				CLANG_WARN_STRICT_PROTOTYPES = YES;
				CLANG_WARN_SUSPICIOUS_MOVE = YES;
				CLANG_WARN_UNGUARDED_AVAILABILITY = YES_AGGRESSIVE;
				CLANG_WARN_UNREACHABLE_CODE = YES;
				CLANG_WARN__DUPLICATE_METHOD_MATCH = YES;
				COPY_PHASE_STRIP = NO;
				DEBUG_INFORMATION_FORMAT = dwarf;
				ENABLE_STRICT_OBJC_MSGSEND = YES;
				ENABLE_TESTABILITY = YES;
				GCC_C_LANGUAGE_STANDARD = gnu11;
				GCC_DYNAMIC_NO_PIC = NO;
				GCC_NO_COMMON_BLOCKS = YES;
				GCC_OPTIMIZATION_LEVEL = 0;
				GCC_PREPROCESSOR_DEFINITIONS = (
					"DEBUG=1",
					"$(inherited)",
				);
				GCC_WARN_64_TO_32_BIT_CONVERSION = YES;
				GCC_WARN_ABOUT_RETURN_TYPE = YES_ERROR;
				GCC_WARN_UNDECLARED_SELECTOR = YES;
				GCC_WARN_UNINITIALIZED_AUTOS = YES_AGGRESSIVE;
				GCC_WARN_UNUSED_FUNCTION = YES;
				GCC_WARN_UNUSED_VARIABLE = YES;
				IPHONEOS_DEPLOYMENT_TARGET = 16.4;
				MTL_ENABLE_DEBUG_INFO = INCLUDE_SOURCE;
				MTL_FAST_MATH = YES;
				ONLY_ACTIVE_ARCH = YES;
				SDKROOT = iphoneos;
				SWIFT_ACTIVE_COMPILATION_CONDITIONS = DEBUG;
				SWIFT_OPTIMIZATION_LEVEL = "-Onone";
			};
			name = Debug;
		};
		90F5E95E2A18C4050062CC8B /* Release */ = {
			isa = XCBuildConfiguration;
			buildSettings = {
				ALWAYS_SEARCH_USER_PATHS = NO;
				CLANG_ANALYZER_NONNULL = YES;
				CLANG_ANALYZER_NUMBER_OBJECT_CONVERSION = YES_AGGRESSIVE;
				CLANG_CXX_LANGUAGE_STANDARD = "gnu++20";
				CLANG_ENABLE_MODULES = YES;
				CLANG_ENABLE_OBJC_ARC = YES;
				CLANG_ENABLE_OBJC_WEAK = YES;
				CLANG_WARN_BLOCK_CAPTURE_AUTORELEASING = YES;
				CLANG_WARN_BOOL_CONVERSION = YES;
				CLANG_WARN_COMMA = YES;
				CLANG_WARN_CONSTANT_CONVERSION = YES;
				CLANG_WARN_DEPRECATED_OBJC_IMPLEMENTATIONS = YES;
				CLANG_WARN_DIRECT_OBJC_ISA_USAGE = YES_ERROR;
				CLANG_WARN_DOCUMENTATION_COMMENTS = YES;
				CLANG_WARN_EMPTY_BODY = YES;
				CLANG_WARN_ENUM_CONVERSION = YES;
				CLANG_WARN_INFINITE_RECURSION = YES;
				CLANG_WARN_INT_CONVERSION = YES;
				CLANG_WARN_NON_LITERAL_NULL_CONVERSION = YES;
				CLANG_WARN_OBJC_IMPLICIT_RETAIN_SELF = YES;
				CLANG_WARN_OBJC_LITERAL_CONVERSION = YES;
				CLANG_WARN_OBJC_ROOT_CLASS = YES_ERROR;
				CLANG_WARN_QUOTED_INCLUDE_IN_FRAMEWORK_HEADER = YES;
				CLANG_WARN_RANGE_LOOP_ANALYSIS = YES;
				CLANG_WARN_STRICT_PROTOTYPES = YES;
				CLANG_WARN_SUSPICIOUS_MOVE = YES;
				CLANG_WARN_UNGUARDED_AVAILABILITY = YES_AGGRESSIVE;
				CLANG_WARN_UNREACHABLE_CODE = YES;
				CLANG_WARN__DUPLICATE_METHOD_MATCH = YES;
				COPY_PHASE_STRIP = NO;
				DEBUG_INFORMATION_FORMAT = "dwarf-with-dsym";
				ENABLE_NS_ASSERTIONS = NO;
				ENABLE_STRICT_OBJC_MSGSEND = YES;
				GCC_C_LANGUAGE_STANDARD = gnu11;
				GCC_NO_COMMON_BLOCKS = YES;
				GCC_WARN_64_TO_32_BIT_CONVERSION = YES;
				GCC_WARN_ABOUT_RETURN_TYPE = YES_ERROR;
				GCC_WARN_UNDECLARED_SELECTOR = YES;
				GCC_WARN_UNINITIALIZED_AUTOS = YES_AGGRESSIVE;
				GCC_WARN_UNUSED_FUNCTION = YES;
				GCC_WARN_UNUSED_VARIABLE = YES;
				IPHONEOS_DEPLOYMENT_TARGET = 16.4;
				MTL_ENABLE_DEBUG_INFO = NO;
				MTL_FAST_MATH = YES;
				SDKROOT = iphoneos;
				SWIFT_COMPILATION_MODE = wholemodule;
				SWIFT_OPTIMIZATION_LEVEL = "-O";
				VALIDATE_PRODUCT = YES;
			};
			name = Release;
		};
		90F5E9602A18C4050062CC8B /* Debug */ = {
			isa = XCBuildConfiguration;
			buildSettings = {
				ASSETCATALOG_COMPILER_APPICON_NAME = AppIcon;
				ASSETCATALOG_COMPILER_GLOBAL_ACCENT_COLOR_NAME = AccentColor;
				CODE_SIGN_STYLE = Automatic;
				CURRENT_PROJECT_VERSION = 1;
				DEVELOPMENT_ASSET_PATHS = "";
				DEVELOPMENT_TEAM = 4D3S2BJSGK;
				ENABLE_PREVIEWS = YES;
				GENERATE_INFOPLIST_FILE = YES;
				INFOPLIST_KEY_NSLocationWhenInUseUsageDescription = "Need your locations to find places near you!";
				INFOPLIST_KEY_UIApplicationSceneManifest_Generation = YES;
				INFOPLIST_KEY_UIApplicationSupportsIndirectInputEvents = YES;
				INFOPLIST_KEY_UILaunchScreen_Generation = YES;
				INFOPLIST_KEY_UISupportedInterfaceOrientations_iPad = "UIInterfaceOrientationPortrait UIInterfaceOrientationPortraitUpsideDown UIInterfaceOrientationLandscapeLeft UIInterfaceOrientationLandscapeRight";
				INFOPLIST_KEY_UISupportedInterfaceOrientations_iPhone = "UIInterfaceOrientationPortrait UIInterfaceOrientationLandscapeLeft UIInterfaceOrientationLandscapeRight";
				LD_RUNPATH_SEARCH_PATHS = (
					"$(inherited)",
					"@executable_path/Frameworks",
				);
				MARKETING_VERSION = 1.0;
				PRODUCT_BUNDLE_IDENTIFIER = TimBoRob.GoDoo;
				PRODUCT_NAME = "$(TARGET_NAME)";
				SWIFT_EMIT_LOC_STRINGS = YES;
				SWIFT_VERSION = 5.0;
				TARGETED_DEVICE_FAMILY = "1,2";
			};
			name = Debug;
		};
		90F5E9612A18C4050062CC8B /* Release */ = {
			isa = XCBuildConfiguration;
			buildSettings = {
				ASSETCATALOG_COMPILER_APPICON_NAME = AppIcon;
				ASSETCATALOG_COMPILER_GLOBAL_ACCENT_COLOR_NAME = AccentColor;
				CODE_SIGN_STYLE = Automatic;
				CURRENT_PROJECT_VERSION = 1;
				DEVELOPMENT_ASSET_PATHS = "";
				DEVELOPMENT_TEAM = 4D3S2BJSGK;
				ENABLE_PREVIEWS = YES;
				GENERATE_INFOPLIST_FILE = YES;
				INFOPLIST_KEY_NSLocationWhenInUseUsageDescription = "Need your locations to find places near you!";
				INFOPLIST_KEY_UIApplicationSceneManifest_Generation = YES;
				INFOPLIST_KEY_UIApplicationSupportsIndirectInputEvents = YES;
				INFOPLIST_KEY_UILaunchScreen_Generation = YES;
				INFOPLIST_KEY_UISupportedInterfaceOrientations_iPad = "UIInterfaceOrientationPortrait UIInterfaceOrientationPortraitUpsideDown UIInterfaceOrientationLandscapeLeft UIInterfaceOrientationLandscapeRight";
				INFOPLIST_KEY_UISupportedInterfaceOrientations_iPhone = "UIInterfaceOrientationPortrait UIInterfaceOrientationLandscapeLeft UIInterfaceOrientationLandscapeRight";
				LD_RUNPATH_SEARCH_PATHS = (
					"$(inherited)",
					"@executable_path/Frameworks",
				);
				MARKETING_VERSION = 1.0;
				PRODUCT_BUNDLE_IDENTIFIER = TimBoRob.GoDoo;
				PRODUCT_NAME = "$(TARGET_NAME)";
				SWIFT_EMIT_LOC_STRINGS = YES;
				SWIFT_VERSION = 5.0;
				TARGETED_DEVICE_FAMILY = "1,2";
			};
			name = Release;
		};
/* End XCBuildConfiguration section */

/* Begin XCConfigurationList section */
		90F5E94C2A18C4040062CC8B /* Build configuration list for PBXProject "GoDoo" */ = {
			isa = XCConfigurationList;
			buildConfigurations = (
				90F5E95D2A18C4050062CC8B /* Debug */,
				90F5E95E2A18C4050062CC8B /* Release */,
			);
			defaultConfigurationIsVisible = 0;
			defaultConfigurationName = Release;
		};
		90F5E95F2A18C4050062CC8B /* Build configuration list for PBXNativeTarget "GoDoo" */ = {
			isa = XCConfigurationList;
			buildConfigurations = (
				90F5E9602A18C4050062CC8B /* Debug */,
				90F5E9612A18C4050062CC8B /* Release */,
			);
			defaultConfigurationIsVisible = 0;
			defaultConfigurationName = Release;
		};
/* End XCConfigurationList section */
	};
	rootObject = 90F5E9492A18C4040062CC8B /* Project object */;
}
